
Microsoft Visual Studio Solution File, Format Version 12.00
# Visual Studio Version 16
VisualStudioVersion = 16.0.28803.202
MinimumVisualStudioVersion = 10.0.40219.1
Project("{2150E333-8FDC-42A3-9474-1A3956D46DE8}") = "2021", "2021", "{A4277040-D55B-4E01-AE4A-56FD9B50B7A3}"
EndProject
Project("{9A19103F-16F7-4668-BE54-9A1E7A4F7556}") = "CartoPrime", "CartoPrime\CartoPrime\CartoPrime.csproj", "{938B0BE0-A2B8-422F-A993-73E86EC5DDD2}"
EndProject
Project("{FAE04EC0-301F-11D3-BF4B-00C04F79EFBC}") = "CartoPrime.Android", "CartoPrime\CartoPrime.Android\CartoPrime.Android.csproj", "{828B724C-5234-436B-A9DB-1B06D143A857}"
EndProject
Project("{FAE04EC0-301F-11D3-BF4B-00C04F79EFBC}") = "CartoPrime.iOS", "CartoPrime\CartoPrime.iOS\CartoPrime.iOS.csproj", "{72847ACD-AC1A-4E85-9C00-141CD8415D5D}"
EndProject
Project("{9A19103F-16F7-4668-BE54-9A1E7A4F7556}") = "CartoPrime.SendPush", "CartoPrime.SendPush\CartoPrime.SendPush.csproj", "{30A15F54-3DD5-420F-88E0-BCE57FC69675}"
EndProject
Project("{2150E333-8FDC-42A3-9474-1A3956D46DE8}") = "Backend", "Backend", "{1F600A01-238C-4619-905D-5923B4C1A221}"
EndProject
Project("{2150E333-8FDC-42A3-9474-1A3956D46DE8}") = "4 - Infra", "4 - Infra", "{B8656814-F0CF-4D39-B2B2-B944206529EF}"
EndProject
Project("{2150E333-8FDC-42A3-9474-1A3956D46DE8}") = "3 - Domain", "3 - Domain", "{6E9E9D32-AF6A-49EF-B772-8126AC7AC01C}"
EndProject
Project("{2150E333-8FDC-42A3-9474-1A3956D46DE8}") = "2 - Application", "2 - Application", "{B2A563EA-D294-480B-9937-BE95614AB214}"
EndProject
Project("{2150E333-8FDC-42A3-9474-1A3956D46DE8}") = "1 - Middleware", "1 - Middleware", "{25045151-E85B-4FBD-8881-136CF8E17080}"
EndProject
Project("{2150E333-8FDC-42A3-9474-1A3956D46DE8}") = "4.2 - Push", "4.2 - Push", "{65B0AB9F-82D8-4C28-8EC1-4673CA140B00}"
EndProject
Project("{2150E333-8FDC-42A3-9474-1A3956D46DE8}") = "4.1 - Data", "4.1 - Data", "{1949228A-6E55-4C58-808A-3D1C571944A6}"
EndProject
Project("{9A19103F-16F7-4668-BE54-9A1E7A4F7556}") = "CartoPrime.Domain", "CartoPrime.Domain\CartoPrime.Domain.csproj", "{0CA3D05E-2D02-4A76-A9E2-CC0730099CD8}"
EndProject
Project("{9A19103F-16F7-4668-BE54-9A1E7A4F7556}") = "CartoPrime.Data", "CartoPrime.Data\CartoPrime.Data.csproj", "{67BC080E-5DDC-445A-BA89-B64C35A4F263}"
EndProject
Project("{9A19103F-16F7-4668-BE54-9A1E7A4F7556}") = "CartoPrime.Application", "CartoPrime.Application\CartoPrime.Application.csproj", "{D0179C12-12E5-441D-A2B9-6E8619B7E155}"
EndProject
Project("{9A19103F-16F7-4668-BE54-9A1E7A4F7556}") = "CartoPrime.Api", "CartoPrime.Api\CartoPrime.Api.csproj", "{C592834C-A18D-4029-81D8-96ECB10FEAF7}"
EndProject
Project("{2150E333-8FDC-42A3-9474-1A3956D46DE8}") = "4.3 - BonsDeBico", "4.3 - BonsDeBico", "{DF3BCCCE-247E-4022-B6BC-4F69EA2624D8}"
EndProject
Project("{9A19103F-16F7-4668-BE54-9A1E7A4F7556}") = "CartoPrime.Pontuacoes", "CartoPrime.Pontuacoes\CartoPrime.Pontuacoes.csproj", "{9E077AF0-9209-474B-B914-35B826F2177C}"
EndProject
Project("{9A19103F-16F7-4668-BE54-9A1E7A4F7556}") = "CartoPrime.Data.CA", "CartoPrime.Data.CA\CartoPrime.Data.CA.csproj", "{258BA462-36DC-4707-BB3F-D2EC81694131}"
EndProject
Project("{2150E333-8FDC-42A3-9474-1A3956D46DE8}") = "0 - Front", "0 - Front", "{852CE216-BA07-4C9D-AA6C-82283C8D7AED}"
EndProject
Project("{9A19103F-16F7-4668-BE54-9A1E7A4F7556}") = "CartolaPrime.Web", "CartolaPrime.Web\CartolaPrime.Web.csproj", "{56EF40D7-54C2-483E-B61C-3B176646790F}"
EndProject
Global
	GlobalSection(SolutionConfigurationPlatforms) = preSolution
		Ad-Hoc|Any CPU = Ad-Hoc|Any CPU
		Ad-Hoc|iPhone = Ad-Hoc|iPhone
		Ad-Hoc|iPhoneSimulator = Ad-Hoc|iPhoneSimulator
		AppStore|Any CPU = AppStore|Any CPU
		AppStore|iPhone = AppStore|iPhone
		AppStore|iPhoneSimulator = AppStore|iPhoneSimulator
		Debug|Any CPU = Debug|Any CPU
		Debug|iPhone = Debug|iPhone
		Debug|iPhoneSimulator = Debug|iPhoneSimulator
		Release|Any CPU = Release|Any CPU
		Release|iPhone = Release|iPhone
		Release|iPhoneSimulator = Release|iPhoneSimulator
	EndGlobalSection
	GlobalSection(ProjectConfigurationPlatforms) = postSolution
		{938B0BE0-A2B8-422F-A993-73E86EC5DDD2}.Ad-Hoc|Any CPU.ActiveCfg = Debug|Any CPU
		{938B0BE0-A2B8-422F-A993-73E86EC5DDD2}.Ad-Hoc|Any CPU.Build.0 = Debug|Any CPU
		{938B0BE0-A2B8-422F-A993-73E86EC5DDD2}.Ad-Hoc|iPhone.ActiveCfg = Debug|Any CPU
		{938B0BE0-A2B8-422F-A993-73E86EC5DDD2}.Ad-Hoc|iPhone.Build.0 = Debug|Any CPU
		{938B0BE0-A2B8-422F-A993-73E86EC5DDD2}.Ad-Hoc|iPhoneSimulator.ActiveCfg = Debug|Any CPU
		{938B0BE0-A2B8-422F-A993-73E86EC5DDD2}.Ad-Hoc|iPhoneSimulator.Build.0 = Debug|Any CPU
		{938B0BE0-A2B8-422F-A993-73E86EC5DDD2}.AppStore|Any CPU.ActiveCfg = Debug|Any CPU
		{938B0BE0-A2B8-422F-A993-73E86EC5DDD2}.AppStore|Any CPU.Build.0 = Debug|Any CPU
		{938B0BE0-A2B8-422F-A993-73E86EC5DDD2}.AppStore|iPhone.ActiveCfg = Debug|Any CPU
		{938B0BE0-A2B8-422F-A993-73E86EC5DDD2}.AppStore|iPhone.Build.0 = Debug|Any CPU
		{938B0BE0-A2B8-422F-A993-73E86EC5DDD2}.AppStore|iPhoneSimulator.ActiveCfg = Debug|Any CPU
		{938B0BE0-A2B8-422F-A993-73E86EC5DDD2}.AppStore|iPhoneSimulator.Build.0 = Debug|Any CPU
		{938B0BE0-A2B8-422F-A993-73E86EC5DDD2}.Debug|Any CPU.ActiveCfg = Debug|Any CPU
		{938B0BE0-A2B8-422F-A993-73E86EC5DDD2}.Debug|Any CPU.Build.0 = Debug|Any CPU
		{938B0BE0-A2B8-422F-A993-73E86EC5DDD2}.Debug|iPhone.ActiveCfg = Debug|Any CPU
		{938B0BE0-A2B8-422F-A993-73E86EC5DDD2}.Debug|iPhone.Build.0 = Debug|Any CPU
		{938B0BE0-A2B8-422F-A993-73E86EC5DDD2}.Debug|iPhoneSimulator.ActiveCfg = Debug|Any CPU
		{938B0BE0-A2B8-422F-A993-73E86EC5DDD2}.Debug|iPhoneSimulator.Build.0 = Debug|Any CPU
		{938B0BE0-A2B8-422F-A993-73E86EC5DDD2}.Release|Any CPU.ActiveCfg = Release|Any CPU
		{938B0BE0-A2B8-422F-A993-73E86EC5DDD2}.Release|Any CPU.Build.0 = Release|Any CPU
		{938B0BE0-A2B8-422F-A993-73E86EC5DDD2}.Release|iPhone.ActiveCfg = Release|Any CPU
		{938B0BE0-A2B8-422F-A993-73E86EC5DDD2}.Release|iPhone.Build.0 = Release|Any CPU
		{938B0BE0-A2B8-422F-A993-73E86EC5DDD2}.Release|iPhoneSimulator.ActiveCfg = Release|Any CPU
		{938B0BE0-A2B8-422F-A993-73E86EC5DDD2}.Release|iPhoneSimulator.Build.0 = Release|Any CPU
		{828B724C-5234-436B-A9DB-1B06D143A857}.Ad-Hoc|Any CPU.ActiveCfg = Debug|Any CPU
		{828B724C-5234-436B-A9DB-1B06D143A857}.Ad-Hoc|Any CPU.Build.0 = Debug|Any CPU
		{828B724C-5234-436B-A9DB-1B06D143A857}.Ad-Hoc|Any CPU.Deploy.0 = Debug|Any CPU
		{828B724C-5234-436B-A9DB-1B06D143A857}.Ad-Hoc|iPhone.ActiveCfg = Debug|Any CPU
		{828B724C-5234-436B-A9DB-1B06D143A857}.Ad-Hoc|iPhone.Build.0 = Debug|Any CPU
		{828B724C-5234-436B-A9DB-1B06D143A857}.Ad-Hoc|iPhone.Deploy.0 = Debug|Any CPU
		{828B724C-5234-436B-A9DB-1B06D143A857}.Ad-Hoc|iPhoneSimulator.ActiveCfg = Debug|Any CPU
		{828B724C-5234-436B-A9DB-1B06D143A857}.Ad-Hoc|iPhoneSimulator.Build.0 = Debug|Any CPU
		{828B724C-5234-436B-A9DB-1B06D143A857}.Ad-Hoc|iPhoneSimulator.Deploy.0 = Debug|Any CPU
		{828B724C-5234-436B-A9DB-1B06D143A857}.AppStore|Any CPU.ActiveCfg = Debug|Any CPU
		{828B724C-5234-436B-A9DB-1B06D143A857}.AppStore|Any CPU.Build.0 = Debug|Any CPU
		{828B724C-5234-436B-A9DB-1B06D143A857}.AppStore|Any CPU.Deploy.0 = Debug|Any CPU
		{828B724C-5234-436B-A9DB-1B06D143A857}.AppStore|iPhone.ActiveCfg = Debug|Any CPU
		{828B724C-5234-436B-A9DB-1B06D143A857}.AppStore|iPhone.Build.0 = Debug|Any CPU
		{828B724C-5234-436B-A9DB-1B06D143A857}.AppStore|iPhone.Deploy.0 = Debug|Any CPU
		{828B724C-5234-436B-A9DB-1B06D143A857}.AppStore|iPhoneSimulator.ActiveCfg = Debug|Any CPU
		{828B724C-5234-436B-A9DB-1B06D143A857}.AppStore|iPhoneSimulator.Build.0 = Debug|Any CPU
		{828B724C-5234-436B-A9DB-1B06D143A857}.AppStore|iPhoneSimulator.Deploy.0 = Debug|Any CPU
		{828B724C-5234-436B-A9DB-1B06D143A857}.Debug|Any CPU.ActiveCfg = Debug|Any CPU
		{828B724C-5234-436B-A9DB-1B06D143A857}.Debug|Any CPU.Build.0 = Debug|Any CPU
		{828B724C-5234-436B-A9DB-1B06D143A857}.Debug|Any CPU.Deploy.0 = Debug|Any CPU
		{828B724C-5234-436B-A9DB-1B06D143A857}.Debug|iPhone.ActiveCfg = Debug|Any CPU
		{828B724C-5234-436B-A9DB-1B06D143A857}.Debug|iPhone.Build.0 = Debug|Any CPU
		{828B724C-5234-436B-A9DB-1B06D143A857}.Debug|iPhone.Deploy.0 = Debug|Any CPU
		{828B724C-5234-436B-A9DB-1B06D143A857}.Debug|iPhoneSimulator.ActiveCfg = Debug|Any CPU
		{828B724C-5234-436B-A9DB-1B06D143A857}.Debug|iPhoneSimulator.Build.0 = Debug|Any CPU
		{828B724C-5234-436B-A9DB-1B06D143A857}.Debug|iPhoneSimulator.Deploy.0 = Debug|Any CPU
		{828B724C-5234-436B-A9DB-1B06D143A857}.Release|Any CPU.ActiveCfg = Release|Any CPU
		{828B724C-5234-436B-A9DB-1B06D143A857}.Release|Any CPU.Build.0 = Release|Any CPU
		{828B724C-5234-436B-A9DB-1B06D143A857}.Release|Any CPU.Deploy.0 = Release|Any CPU
		{828B724C-5234-436B-A9DB-1B06D143A857}.Release|iPhone.ActiveCfg = Release|Any CPU
		{828B724C-5234-436B-A9DB-1B06D143A857}.Release|iPhone.Build.0 = Release|Any CPU
		{828B724C-5234-436B-A9DB-1B06D143A857}.Release|iPhone.Deploy.0 = Release|Any CPU
		{828B724C-5234-436B-A9DB-1B06D143A857}.Release|iPhoneSimulator.ActiveCfg = Release|Any CPU
		{828B724C-5234-436B-A9DB-1B06D143A857}.Release|iPhoneSimulator.Build.0 = Release|Any CPU
		{828B724C-5234-436B-A9DB-1B06D143A857}.Release|iPhoneSimulator.Deploy.0 = Release|Any CPU
		{72847ACD-AC1A-4E85-9C00-141CD8415D5D}.Ad-Hoc|Any CPU.ActiveCfg = Debug|iPhoneSimulator
		{72847ACD-AC1A-4E85-9C00-141CD8415D5D}.Ad-Hoc|Any CPU.Build.0 = Debug|iPhoneSimulator
		{72847ACD-AC1A-4E85-9C00-141CD8415D5D}.Ad-Hoc|iPhone.ActiveCfg = Debug|iPhone
		{72847ACD-AC1A-4E85-9C00-141CD8415D5D}.Ad-Hoc|iPhone.Build.0 = Debug|iPhone
		{72847ACD-AC1A-4E85-9C00-141CD8415D5D}.Ad-Hoc|iPhoneSimulator.ActiveCfg = Debug|iPhoneSimulator
		{72847ACD-AC1A-4E85-9C00-141CD8415D5D}.Ad-Hoc|iPhoneSimulator.Build.0 = Debug|iPhoneSimulator
		{72847ACD-AC1A-4E85-9C00-141CD8415D5D}.AppStore|Any CPU.ActiveCfg = Debug|iPhoneSimulator
		{72847ACD-AC1A-4E85-9C00-141CD8415D5D}.AppStore|Any CPU.Build.0 = Debug|iPhoneSimulator
		{72847ACD-AC1A-4E85-9C00-141CD8415D5D}.AppStore|iPhone.ActiveCfg = Debug|iPhone
		{72847ACD-AC1A-4E85-9C00-141CD8415D5D}.AppStore|iPhone.Build.0 = Debug|iPhone
		{72847ACD-AC1A-4E85-9C00-141CD8415D5D}.AppStore|iPhoneSimulator.ActiveCfg = Debug|iPhoneSimulator
		{72847ACD-AC1A-4E85-9C00-141CD8415D5D}.AppStore|iPhoneSimulator.Build.0 = Debug|iPhoneSimulator
		{72847ACD-AC1A-4E85-9C00-141CD8415D5D}.Debug|Any CPU.ActiveCfg = Debug|iPhoneSimulator
		{72847ACD-AC1A-4E85-9C00-141CD8415D5D}.Debug|iPhone.ActiveCfg = Debug|iPhone
		{72847ACD-AC1A-4E85-9C00-141CD8415D5D}.Debug|iPhone.Build.0 = Debug|iPhone
		{72847ACD-AC1A-4E85-9C00-141CD8415D5D}.Debug|iPhoneSimulator.ActiveCfg = Debug|iPhoneSimulator
		{72847ACD-AC1A-4E85-9C00-141CD8415D5D}.Debug|iPhoneSimulator.Build.0 = Debug|iPhoneSimulator
		{72847ACD-AC1A-4E85-9C00-141CD8415D5D}.Release|Any CPU.ActiveCfg = Release|iPhoneSimulator
		{72847ACD-AC1A-4E85-9C00-141CD8415D5D}.Release|iPhone.ActiveCfg = Release|iPhone
		{72847ACD-AC1A-4E85-9C00-141CD8415D5D}.Release|iPhone.Build.0 = Release|iPhone
		{72847ACD-AC1A-4E85-9C00-141CD8415D5D}.Release|iPhoneSimulator.ActiveCfg = Release|iPhoneSimulator
		{72847ACD-AC1A-4E85-9C00-141CD8415D5D}.Release|iPhoneSimulator.Build.0 = Release|iPhoneSimulator
		{30A15F54-3DD5-420F-88E0-BCE57FC69675}.Ad-Hoc|Any CPU.ActiveCfg = Debug|Any CPU
		{30A15F54-3DD5-420F-88E0-BCE57FC69675}.Ad-Hoc|Any CPU.Build.0 = Debug|Any CPU
		{30A15F54-3DD5-420F-88E0-BCE57FC69675}.Ad-Hoc|iPhone.ActiveCfg = Debug|Any CPU
		{30A15F54-3DD5-420F-88E0-BCE57FC69675}.Ad-Hoc|iPhone.Build.0 = Debug|Any CPU
		{30A15F54-3DD5-420F-88E0-BCE57FC69675}.Ad-Hoc|iPhoneSimulator.ActiveCfg = Debug|Any CPU
		{30A15F54-3DD5-420F-88E0-BCE57FC69675}.Ad-Hoc|iPhoneSimulator.Build.0 = Debug|Any CPU
		{30A15F54-3DD5-420F-88E0-BCE57FC69675}.AppStore|Any CPU.ActiveCfg = Debug|Any CPU
		{30A15F54-3DD5-420F-88E0-BCE57FC69675}.AppStore|Any CPU.Build.0 = Debug|Any CPU
		{30A15F54-3DD5-420F-88E0-BCE57FC69675}.AppStore|iPhone.ActiveCfg = Debug|Any CPU
		{30A15F54-3DD5-420F-88E0-BCE57FC69675}.AppStore|iPhone.Build.0 = Debug|Any CPU
		{30A15F54-3DD5-420F-88E0-BCE57FC69675}.AppStore|iPhoneSimulator.ActiveCfg = Debug|Any CPU
		{30A15F54-3DD5-420F-88E0-BCE57FC69675}.AppStore|iPhoneSimulator.Build.0 = Debug|Any CPU
		{30A15F54-3DD5-420F-88E0-BCE57FC69675}.Debug|Any CPU.ActiveCfg = Debug|Any CPU
		{30A15F54-3DD5-420F-88E0-BCE57FC69675}.Debug|Any CPU.Build.0 = Debug|Any CPU
		{30A15F54-3DD5-420F-88E0-BCE57FC69675}.Debug|iPhone.ActiveCfg = Debug|Any CPU
		{30A15F54-3DD5-420F-88E0-BCE57FC69675}.Debug|iPhone.Build.0 = Debug|Any CPU
		{30A15F54-3DD5-420F-88E0-BCE57FC69675}.Debug|iPhoneSimulator.ActiveCfg = Debug|Any CPU
		{30A15F54-3DD5-420F-88E0-BCE57FC69675}.Debug|iPhoneSimulator.Build.0 = Debug|Any CPU
		{30A15F54-3DD5-420F-88E0-BCE57FC69675}.Release|Any CPU.ActiveCfg = Release|Any CPU
		{30A15F54-3DD5-420F-88E0-BCE57FC69675}.Release|Any CPU.Build.0 = Release|Any CPU
		{30A15F54-3DD5-420F-88E0-BCE57FC69675}.Release|iPhone.ActiveCfg = Release|Any CPU
		{30A15F54-3DD5-420F-88E0-BCE57FC69675}.Release|iPhone.Build.0 = Release|Any CPU
		{30A15F54-3DD5-420F-88E0-BCE57FC69675}.Release|iPhoneSimulator.ActiveCfg = Release|Any CPU
		{30A15F54-3DD5-420F-88E0-BCE57FC69675}.Release|iPhoneSimulator.Build.0 = Release|Any CPU
		{0CA3D05E-2D02-4A76-A9E2-CC0730099CD8}.Ad-Hoc|Any CPU.ActiveCfg = Debug|Any CPU
		{0CA3D05E-2D02-4A76-A9E2-CC0730099CD8}.Ad-Hoc|Any CPU.Build.0 = Debug|Any CPU
		{0CA3D05E-2D02-4A76-A9E2-CC0730099CD8}.Ad-Hoc|iPhone.ActiveCfg = Debug|Any CPU
		{0CA3D05E-2D02-4A76-A9E2-CC0730099CD8}.Ad-Hoc|iPhone.Build.0 = Debug|Any CPU
		{0CA3D05E-2D02-4A76-A9E2-CC0730099CD8}.Ad-Hoc|iPhoneSimulator.ActiveCfg = Debug|Any CPU
		{0CA3D05E-2D02-4A76-A9E2-CC0730099CD8}.Ad-Hoc|iPhoneSimulator.Build.0 = Debug|Any CPU
		{0CA3D05E-2D02-4A76-A9E2-CC0730099CD8}.AppStore|Any CPU.ActiveCfg = Debug|Any CPU
		{0CA3D05E-2D02-4A76-A9E2-CC0730099CD8}.AppStore|Any CPU.Build.0 = Debug|Any CPU
		{0CA3D05E-2D02-4A76-A9E2-CC0730099CD8}.AppStore|iPhone.ActiveCfg = Debug|Any CPU
		{0CA3D05E-2D02-4A76-A9E2-CC0730099CD8}.AppStore|iPhone.Build.0 = Debug|Any CPU
		{0CA3D05E-2D02-4A76-A9E2-CC0730099CD8}.AppStore|iPhoneSimulator.ActiveCfg = Debug|Any CPU
		{0CA3D05E-2D02-4A76-A9E2-CC0730099CD8}.AppStore|iPhoneSimulator.Build.0 = Debug|Any CPU
		{0CA3D05E-2D02-4A76-A9E2-CC0730099CD8}.Debug|Any CPU.ActiveCfg = Debug|Any CPU
		{0CA3D05E-2D02-4A76-A9E2-CC0730099CD8}.Debug|Any CPU.Build.0 = Debug|Any CPU
		{0CA3D05E-2D02-4A76-A9E2-CC0730099CD8}.Debug|iPhone.ActiveCfg = Debug|Any CPU
		{0CA3D05E-2D02-4A76-A9E2-CC0730099CD8}.Debug|iPhone.Build.0 = Debug|Any CPU
		{0CA3D05E-2D02-4A76-A9E2-CC0730099CD8}.Debug|iPhoneSimulator.ActiveCfg = Debug|Any CPU
		{0CA3D05E-2D02-4A76-A9E2-CC0730099CD8}.Debug|iPhoneSimulator.Build.0 = Debug|Any CPU
		{0CA3D05E-2D02-4A76-A9E2-CC0730099CD8}.Release|Any CPU.ActiveCfg = Release|Any CPU
		{0CA3D05E-2D02-4A76-A9E2-CC0730099CD8}.Release|Any CPU.Build.0 = Release|Any CPU
		{0CA3D05E-2D02-4A76-A9E2-CC0730099CD8}.Release|iPhone.ActiveCfg = Release|Any CPU
		{0CA3D05E-2D02-4A76-A9E2-CC0730099CD8}.Release|iPhone.Build.0 = Release|Any CPU
		{0CA3D05E-2D02-4A76-A9E2-CC0730099CD8}.Release|iPhoneSimulator.ActiveCfg = Release|Any CPU
		{0CA3D05E-2D02-4A76-A9E2-CC0730099CD8}.Release|iPhoneSimulator.Build.0 = Release|Any CPU
		{67BC080E-5DDC-445A-BA89-B64C35A4F263}.Ad-Hoc|Any CPU.ActiveCfg = Debug|Any CPU
		{67BC080E-5DDC-445A-BA89-B64C35A4F263}.Ad-Hoc|Any CPU.Build.0 = Debug|Any CPU
		{67BC080E-5DDC-445A-BA89-B64C35A4F263}.Ad-Hoc|iPhone.ActiveCfg = Debug|Any CPU
		{67BC080E-5DDC-445A-BA89-B64C35A4F263}.Ad-Hoc|iPhone.Build.0 = Debug|Any CPU
		{67BC080E-5DDC-445A-BA89-B64C35A4F263}.Ad-Hoc|iPhoneSimulator.ActiveCfg = Debug|Any CPU
		{67BC080E-5DDC-445A-BA89-B64C35A4F263}.Ad-Hoc|iPhoneSimulator.Build.0 = Debug|Any CPU
		{67BC080E-5DDC-445A-BA89-B64C35A4F263}.AppStore|Any CPU.ActiveCfg = Debug|Any CPU
		{67BC080E-5DDC-445A-BA89-B64C35A4F263}.AppStore|Any CPU.Build.0 = Debug|Any CPU
		{67BC080E-5DDC-445A-BA89-B64C35A4F263}.AppStore|iPhone.ActiveCfg = Debug|Any CPU
		{67BC080E-5DDC-445A-BA89-B64C35A4F263}.AppStore|iPhone.Build.0 = Debug|Any CPU
		{67BC080E-5DDC-445A-BA89-B64C35A4F263}.AppStore|iPhoneSimulator.ActiveCfg = Debug|Any CPU
		{67BC080E-5DDC-445A-BA89-B64C35A4F263}.AppStore|iPhoneSimulator.Build.0 = Debug|Any CPU
		{67BC080E-5DDC-445A-BA89-B64C35A4F263}.Debug|Any CPU.ActiveCfg = Debug|Any CPU
		{67BC080E-5DDC-445A-BA89-B64C35A4F263}.Debug|Any CPU.Build.0 = Debug|Any CPU
		{67BC080E-5DDC-445A-BA89-B64C35A4F263}.Debug|iPhone.ActiveCfg = Debug|Any CPU
		{67BC080E-5DDC-445A-BA89-B64C35A4F263}.Debug|iPhone.Build.0 = Debug|Any CPU
		{67BC080E-5DDC-445A-BA89-B64C35A4F263}.Debug|iPhoneSimulator.ActiveCfg = Debug|Any CPU
		{67BC080E-5DDC-445A-BA89-B64C35A4F263}.Debug|iPhoneSimulator.Build.0 = Debug|Any CPU
		{67BC080E-5DDC-445A-BA89-B64C35A4F263}.Release|Any CPU.ActiveCfg = Release|Any CPU
		{67BC080E-5DDC-445A-BA89-B64C35A4F263}.Release|Any CPU.Build.0 = Release|Any CPU
		{67BC080E-5DDC-445A-BA89-B64C35A4F263}.Release|iPhone.ActiveCfg = Release|Any CPU
		{67BC080E-5DDC-445A-BA89-B64C35A4F263}.Release|iPhone.Build.0 = Release|Any CPU
		{67BC080E-5DDC-445A-BA89-B64C35A4F263}.Release|iPhoneSimulator.ActiveCfg = Release|Any CPU
		{67BC080E-5DDC-445A-BA89-B64C35A4F263}.Release|iPhoneSimulator.Build.0 = Release|Any CPU
		{D0179C12-12E5-441D-A2B9-6E8619B7E155}.Ad-Hoc|Any CPU.ActiveCfg = Debug|Any CPU
		{D0179C12-12E5-441D-A2B9-6E8619B7E155}.Ad-Hoc|Any CPU.Build.0 = Debug|Any CPU
		{D0179C12-12E5-441D-A2B9-6E8619B7E155}.Ad-Hoc|iPhone.ActiveCfg = Debug|Any CPU
		{D0179C12-12E5-441D-A2B9-6E8619B7E155}.Ad-Hoc|iPhone.Build.0 = Debug|Any CPU
		{D0179C12-12E5-441D-A2B9-6E8619B7E155}.Ad-Hoc|iPhoneSimulator.ActiveCfg = Debug|Any CPU
		{D0179C12-12E5-441D-A2B9-6E8619B7E155}.Ad-Hoc|iPhoneSimulator.Build.0 = Debug|Any CPU
		{D0179C12-12E5-441D-A2B9-6E8619B7E155}.AppStore|Any CPU.ActiveCfg = Debug|Any CPU
		{D0179C12-12E5-441D-A2B9-6E8619B7E155}.AppStore|Any CPU.Build.0 = Debug|Any CPU
		{D0179C12-12E5-441D-A2B9-6E8619B7E155}.AppStore|iPhone.ActiveCfg = Debug|Any CPU
		{D0179C12-12E5-441D-A2B9-6E8619B7E155}.AppStore|iPhone.Build.0 = Debug|Any CPU
		{D0179C12-12E5-441D-A2B9-6E8619B7E155}.AppStore|iPhoneSimulator.ActiveCfg = Debug|Any CPU
		{D0179C12-12E5-441D-A2B9-6E8619B7E155}.AppStore|iPhoneSimulator.Build.0 = Debug|Any CPU
		{D0179C12-12E5-441D-A2B9-6E8619B7E155}.Debug|Any CPU.ActiveCfg = Debug|Any CPU
		{D0179C12-12E5-441D-A2B9-6E8619B7E155}.Debug|Any CPU.Build.0 = Debug|Any CPU
		{D0179C12-12E5-441D-A2B9-6E8619B7E155}.Debug|iPhone.ActiveCfg = Debug|Any CPU
		{D0179C12-12E5-441D-A2B9-6E8619B7E155}.Debug|iPhone.Build.0 = Debug|Any CPU
		{D0179C12-12E5-441D-A2B9-6E8619B7E155}.Debug|iPhoneSimulator.ActiveCfg = Debug|Any CPU
		{D0179C12-12E5-441D-A2B9-6E8619B7E155}.Debug|iPhoneSimulator.Build.0 = Debug|Any CPU
		{D0179C12-12E5-441D-A2B9-6E8619B7E155}.Release|Any CPU.ActiveCfg = Release|Any CPU
		{D0179C12-12E5-441D-A2B9-6E8619B7E155}.Release|Any CPU.Build.0 = Release|Any CPU
		{D0179C12-12E5-441D-A2B9-6E8619B7E155}.Release|iPhone.ActiveCfg = Release|Any CPU
		{D0179C12-12E5-441D-A2B9-6E8619B7E155}.Release|iPhone.Build.0 = Release|Any CPU
		{D0179C12-12E5-441D-A2B9-6E8619B7E155}.Release|iPhoneSimulator.ActiveCfg = Release|Any CPU
		{D0179C12-12E5-441D-A2B9-6E8619B7E155}.Release|iPhoneSimulator.Build.0 = Release|Any CPU
		{C592834C-A18D-4029-81D8-96ECB10FEAF7}.Ad-Hoc|Any CPU.ActiveCfg = Debug|Any CPU
		{C592834C-A18D-4029-81D8-96ECB10FEAF7}.Ad-Hoc|Any CPU.Build.0 = Debug|Any CPU
		{C592834C-A18D-4029-81D8-96ECB10FEAF7}.Ad-Hoc|iPhone.ActiveCfg = Debug|Any CPU
		{C592834C-A18D-4029-81D8-96ECB10FEAF7}.Ad-Hoc|iPhone.Build.0 = Debug|Any CPU
		{C592834C-A18D-4029-81D8-96ECB10FEAF7}.Ad-Hoc|iPhoneSimulator.ActiveCfg = Debug|Any CPU
		{C592834C-A18D-4029-81D8-96ECB10FEAF7}.Ad-Hoc|iPhoneSimulator.Build.0 = Debug|Any CPU
		{C592834C-A18D-4029-81D8-96ECB10FEAF7}.AppStore|Any CPU.ActiveCfg = Debug|Any CPU
		{C592834C-A18D-4029-81D8-96ECB10FEAF7}.AppStore|Any CPU.Build.0 = Debug|Any CPU
		{C592834C-A18D-4029-81D8-96ECB10FEAF7}.AppStore|iPhone.ActiveCfg = Debug|Any CPU
		{C592834C-A18D-4029-81D8-96ECB10FEAF7}.AppStore|iPhone.Build.0 = Debug|Any CPU
		{C592834C-A18D-4029-81D8-96ECB10FEAF7}.AppStore|iPhoneSimulator.ActiveCfg = Debug|Any CPU
		{C592834C-A18D-4029-81D8-96ECB10FEAF7}.AppStore|iPhoneSimulator.Build.0 = Debug|Any CPU
		{C592834C-A18D-4029-81D8-96ECB10FEAF7}.Debug|Any CPU.ActiveCfg = Debug|Any CPU
		{C592834C-A18D-4029-81D8-96ECB10FEAF7}.Debug|Any CPU.Build.0 = Debug|Any CPU
		{C592834C-A18D-4029-81D8-96ECB10FEAF7}.Debug|iPhone.ActiveCfg = Debug|Any CPU
		{C592834C-A18D-4029-81D8-96ECB10FEAF7}.Debug|iPhone.Build.0 = Debug|Any CPU
		{C592834C-A18D-4029-81D8-96ECB10FEAF7}.Debug|iPhoneSimulator.ActiveCfg = Debug|Any CPU
		{C592834C-A18D-4029-81D8-96ECB10FEAF7}.Debug|iPhoneSimulator.Build.0 = Debug|Any CPU
		{C592834C-A18D-4029-81D8-96ECB10FEAF7}.Release|Any CPU.ActiveCfg = Release|Any CPU
		{C592834C-A18D-4029-81D8-96ECB10FEAF7}.Release|Any CPU.Build.0 = Release|Any CPU
		{C592834C-A18D-4029-81D8-96ECB10FEAF7}.Release|iPhone.ActiveCfg = Release|Any CPU
		{C592834C-A18D-4029-81D8-96ECB10FEAF7}.Release|iPhone.Build.0 = Release|Any CPU
		{C592834C-A18D-4029-81D8-96ECB10FEAF7}.Release|iPhoneSimulator.ActiveCfg = Release|Any CPU
		{C592834C-A18D-4029-81D8-96ECB10FEAF7}.Release|iPhoneSimulator.Build.0 = Release|Any CPU
		{9E077AF0-9209-474B-B914-35B826F2177C}.Ad-Hoc|Any CPU.ActiveCfg = Debug|Any CPU
		{9E077AF0-9209-474B-B914-35B826F2177C}.Ad-Hoc|Any CPU.Build.0 = Debug|Any CPU
		{9E077AF0-9209-474B-B914-35B826F2177C}.Ad-Hoc|iPhone.ActiveCfg = Debug|Any CPU
		{9E077AF0-9209-474B-B914-35B826F2177C}.Ad-Hoc|iPhone.Build.0 = Debug|Any CPU
		{9E077AF0-9209-474B-B914-35B826F2177C}.Ad-Hoc|iPhoneSimulator.ActiveCfg = Debug|Any CPU
		{9E077AF0-9209-474B-B914-35B826F2177C}.Ad-Hoc|iPhoneSimulator.Build.0 = Debug|Any CPU
		{9E077AF0-9209-474B-B914-35B826F2177C}.AppStore|Any CPU.ActiveCfg = Debug|Any CPU
		{9E077AF0-9209-474B-B914-35B826F2177C}.AppStore|Any CPU.Build.0 = Debug|Any CPU
		{9E077AF0-9209-474B-B914-35B826F2177C}.AppStore|iPhone.ActiveCfg = Debug|Any CPU
		{9E077AF0-9209-474B-B914-35B826F2177C}.AppStore|iPhone.Build.0 = Debug|Any CPU
		{9E077AF0-9209-474B-B914-35B826F2177C}.AppStore|iPhoneSimulator.ActiveCfg = Debug|Any CPU
		{9E077AF0-9209-474B-B914-35B826F2177C}.AppStore|iPhoneSimulator.Build.0 = Debug|Any CPU
		{9E077AF0-9209-474B-B914-35B826F2177C}.Debug|Any CPU.ActiveCfg = Debug|Any CPU
		{9E077AF0-9209-474B-B914-35B826F2177C}.Debug|Any CPU.Build.0 = Debug|Any CPU
		{9E077AF0-9209-474B-B914-35B826F2177C}.Debug|iPhone.ActiveCfg = Debug|Any CPU
		{9E077AF0-9209-474B-B914-35B826F2177C}.Debug|iPhone.Build.0 = Debug|Any CPU
		{9E077AF0-9209-474B-B914-35B826F2177C}.Debug|iPhoneSimulator.ActiveCfg = Debug|Any CPU
		{9E077AF0-9209-474B-B914-35B826F2177C}.Debug|iPhoneSimulator.Build.0 = Debug|Any CPU
		{9E077AF0-9209-474B-B914-35B826F2177C}.Release|Any CPU.ActiveCfg = Release|Any CPU
		{9E077AF0-9209-474B-B914-35B826F2177C}.Release|Any CPU.Build.0 = Release|Any CPU
		{9E077AF0-9209-474B-B914-35B826F2177C}.Release|iPhone.ActiveCfg = Release|Any CPU
		{9E077AF0-9209-474B-B914-35B826F2177C}.Release|iPhone.Build.0 = Release|Any CPU
		{9E077AF0-9209-474B-B914-35B826F2177C}.Release|iPhoneSimulator.ActiveCfg = Release|Any CPU
		{9E077AF0-9209-474B-B914-35B826F2177C}.Release|iPhoneSimulator.Build.0 = Release|Any CPU
		{258BA462-36DC-4707-BB3F-D2EC81694131}.Ad-Hoc|Any CPU.ActiveCfg = Debug|Any CPU
		{258BA462-36DC-4707-BB3F-D2EC81694131}.Ad-Hoc|Any CPU.Build.0 = Debug|Any CPU
		{258BA462-36DC-4707-BB3F-D2EC81694131}.Ad-Hoc|iPhone.ActiveCfg = Debug|Any CPU
		{258BA462-36DC-4707-BB3F-D2EC81694131}.Ad-Hoc|iPhone.Build.0 = Debug|Any CPU
		{258BA462-36DC-4707-BB3F-D2EC81694131}.Ad-Hoc|iPhoneSimulator.ActiveCfg = Debug|Any CPU
		{258BA462-36DC-4707-BB3F-D2EC81694131}.Ad-Hoc|iPhoneSimulator.Build.0 = Debug|Any CPU
		{258BA462-36DC-4707-BB3F-D2EC81694131}.AppStore|Any CPU.ActiveCfg = Debug|Any CPU
		{258BA462-36DC-4707-BB3F-D2EC81694131}.AppStore|Any CPU.Build.0 = Debug|Any CPU
		{258BA462-36DC-4707-BB3F-D2EC81694131}.AppStore|iPhone.ActiveCfg = Debug|Any CPU
		{258BA462-36DC-4707-BB3F-D2EC81694131}.AppStore|iPhone.Build.0 = Debug|Any CPU
		{258BA462-36DC-4707-BB3F-D2EC81694131}.AppStore|iPhoneSimulator.ActiveCfg = Debug|Any CPU
		{258BA462-36DC-4707-BB3F-D2EC81694131}.AppStore|iPhoneSimulator.Build.0 = Debug|Any CPU
		{258BA462-36DC-4707-BB3F-D2EC81694131}.Debug|Any CPU.ActiveCfg = Debug|Any CPU
		{258BA462-36DC-4707-BB3F-D2EC81694131}.Debug|Any CPU.Build.0 = Debug|Any CPU
		{258BA462-36DC-4707-BB3F-D2EC81694131}.Debug|iPhone.ActiveCfg = Debug|Any CPU
		{258BA462-36DC-4707-BB3F-D2EC81694131}.Debug|iPhone.Build.0 = Debug|Any CPU
		{258BA462-36DC-4707-BB3F-D2EC81694131}.Debug|iPhoneSimulator.ActiveCfg = Debug|Any CPU
		{258BA462-36DC-4707-BB3F-D2EC81694131}.Debug|iPhoneSimulator.Build.0 = Debug|Any CPU
		{258BA462-36DC-4707-BB3F-D2EC81694131}.Release|Any CPU.ActiveCfg = Release|Any CPU
		{258BA462-36DC-4707-BB3F-D2EC81694131}.Release|Any CPU.Build.0 = Release|Any CPU
		{258BA462-36DC-4707-BB3F-D2EC81694131}.Release|iPhone.ActiveCfg = Release|Any CPU
		{258BA462-36DC-4707-BB3F-D2EC81694131}.Release|iPhone.Build.0 = Release|Any CPU
		{258BA462-36DC-4707-BB3F-D2EC81694131}.Release|iPhoneSimulator.ActiveCfg = Release|Any CPU
		{258BA462-36DC-4707-BB3F-D2EC81694131}.Release|iPhoneSimulator.Build.0 = Release|Any CPU
		{56EF40D7-54C2-483E-B61C-3B176646790F}.Ad-Hoc|Any CPU.ActiveCfg = Debug|Any CPU
		{56EF40D7-54C2-483E-B61C-3B176646790F}.Ad-Hoc|Any CPU.Build.0 = Debug|Any CPU
		{56EF40D7-54C2-483E-B61C-3B176646790F}.Ad-Hoc|iPhone.ActiveCfg = Debug|Any CPU
		{56EF40D7-54C2-483E-B61C-3B176646790F}.Ad-Hoc|iPhone.Build.0 = Debug|Any CPU
		{56EF40D7-54C2-483E-B61C-3B176646790F}.Ad-Hoc|iPhoneSimulator.ActiveCfg = Debug|Any CPU
		{56EF40D7-54C2-483E-B61C-3B176646790F}.Ad-Hoc|iPhoneSimulator.Build.0 = Debug|Any CPU
		{56EF40D7-54C2-483E-B61C-3B176646790F}.AppStore|Any CPU.ActiveCfg = Debug|Any CPU
		{56EF40D7-54C2-483E-B61C-3B176646790F}.AppStore|Any CPU.Build.0 = Debug|Any CPU
		{56EF40D7-54C2-483E-B61C-3B176646790F}.AppStore|iPhone.ActiveCfg = Debug|Any CPU
		{56EF40D7-54C2-483E-B61C-3B176646790F}.AppStore|iPhone.Build.0 = Debug|Any CPU
		{56EF40D7-54C2-483E-B61C-3B176646790F}.AppStore|iPhoneSimulator.ActiveCfg = Debug|Any CPU
		{56EF40D7-54C2-483E-B61C-3B176646790F}.AppStore|iPhoneSimulator.Build.0 = Debug|Any CPU
		{56EF40D7-54C2-483E-B61C-3B176646790F}.Debug|Any CPU.ActiveCfg = Debug|Any CPU
		{56EF40D7-54C2-483E-B61C-3B176646790F}.Debug|Any CPU.Build.0 = Debug|Any CPU
		{56EF40D7-54C2-483E-B61C-3B176646790F}.Debug|iPhone.ActiveCfg = Debug|Any CPU
		{56EF40D7-54C2-483E-B61C-3B176646790F}.Debug|iPhone.Build.0 = Debug|Any CPU
		{56EF40D7-54C2-483E-B61C-3B176646790F}.Debug|iPhoneSimulator.ActiveCfg = Debug|Any CPU
		{56EF40D7-54C2-483E-B61C-3B176646790F}.Debug|iPhoneSimulator.Build.0 = Debug|Any CPU
		{56EF40D7-54C2-483E-B61C-3B176646790F}.Release|Any CPU.ActiveCfg = Release|Any CPU
		{56EF40D7-54C2-483E-B61C-3B176646790F}.Release|Any CPU.Build.0 = Release|Any CPU
		{56EF40D7-54C2-483E-B61C-3B176646790F}.Release|iPhone.ActiveCfg = Release|Any CPU
		{56EF40D7-54C2-483E-B61C-3B176646790F}.Release|iPhone.Build.0 = Release|Any CPU
		{56EF40D7-54C2-483E-B61C-3B176646790F}.Release|iPhoneSimulator.ActiveCfg = Release|Any CPU
		{56EF40D7-54C2-483E-B61C-3B176646790F}.Release|iPhoneSimulator.Build.0 = Release|Any CPU
	EndGlobalSection
	GlobalSection(SolutionProperties) = preSolution
		HideSolutionNode = FALSE
	EndGlobalSection
	GlobalSection(NestedProjects) = preSolution
		{938B0BE0-A2B8-422F-A993-73E86EC5DDD2} = {A4277040-D55B-4E01-AE4A-56FD9B50B7A3}
		{828B724C-5234-436B-A9DB-1B06D143A857} = {A4277040-D55B-4E01-AE4A-56FD9B50B7A3}
		{72847ACD-AC1A-4E85-9C00-141CD8415D5D} = {A4277040-D55B-4E01-AE4A-56FD9B50B7A3}
		{30A15F54-3DD5-420F-88E0-BCE57FC69675} = {65B0AB9F-82D8-4C28-8EC1-4673CA140B00}
		{B8656814-F0CF-4D39-B2B2-B944206529EF} = {1F600A01-238C-4619-905D-5923B4C1A221}
		{6E9E9D32-AF6A-49EF-B772-8126AC7AC01C} = {1F600A01-238C-4619-905D-5923B4C1A221}
		{B2A563EA-D294-480B-9937-BE95614AB214} = {1F600A01-238C-4619-905D-5923B4C1A221}
		{25045151-E85B-4FBD-8881-136CF8E17080} = {1F600A01-238C-4619-905D-5923B4C1A221}
		{65B0AB9F-82D8-4C28-8EC1-4673CA140B00} = {B8656814-F0CF-4D39-B2B2-B944206529EF}
		{1949228A-6E55-4C58-808A-3D1C571944A6} = {B8656814-F0CF-4D39-B2B2-B944206529EF}
		{0CA3D05E-2D02-4A76-A9E2-CC0730099CD8} = {6E9E9D32-AF6A-49EF-B772-8126AC7AC01C}
		{67BC080E-5DDC-445A-BA89-B64C35A4F263} = {1949228A-6E55-4C58-808A-3D1C571944A6}
		{D0179C12-12E5-441D-A2B9-6E8619B7E155} = {B2A563EA-D294-480B-9937-BE95614AB214}
		{C592834C-A18D-4029-81D8-96ECB10FEAF7} = {25045151-E85B-4FBD-8881-136CF8E17080}
		{DF3BCCCE-247E-4022-B6BC-4F69EA2624D8} = {B8656814-F0CF-4D39-B2B2-B944206529EF}
		{9E077AF0-9209-474B-B914-35B826F2177C} = {DF3BCCCE-247E-4022-B6BC-4F69EA2624D8}
		{258BA462-36DC-4707-BB3F-D2EC81694131} = {1949228A-6E55-4C58-808A-3D1C571944A6}
		{852CE216-BA07-4C9D-AA6C-82283C8D7AED} = {1F600A01-238C-4619-905D-5923B4C1A221}
		{56EF40D7-54C2-483E-B61C-3B176646790F} = {852CE216-BA07-4C9D-AA6C-82283C8D7AED}
	EndGlobalSection
	GlobalSection(ExtensibilityGlobals) = postSolution
		SolutionGuid = {2D05C9FF-0D96-46A2-A00B-27AE47A15DFC}
	EndGlobalSection
EndGlobal
